
Microsoft Visual Studio Solution File, Format Version 12.00
# Visual Studio Version 17
VisualStudioVersion = 17.14.36202.13 d17.14
MinimumVisualStudioVersion = 10.0.40219.1
Project("{FAE04EC0-301F-11D3-BF4B-00C04F79EFBC}") = "assignmen4", "assignmen4\assignmen4.csproj", "{F37A46AD-F069-4F07-8358-7F1782D450D0}"
EndProject
Global
	GlobalSection(SolutionConfigurationPlatforms) = preSolution
		Debug|Any CPU = Debug|Any CPU
		Release|Any CPU = Release|Any CPU
	EndGlobalSection
	GlobalSection(ProjectConfigurationPlatforms) = postSolution
		{F37A46AD-F069-4F07-8358-7F1782D450D0}.Debug|Any CPU.ActiveCfg = Debug|Any CPU
		{F37A46AD-F069-4F07-8358-7F1782D450D0}.Debug|Any CPU.Build.0 = Debug|Any CPU
		{F37A46AD-F069-4F07-8358-7F1782D450D0}.Release|Any CPU.ActiveCfg = Release|Any CPU
		{F37A46AD-F069-4F07-8358-7F1782D450D0}.Release|Any CPU.Build.0 = Release|Any CPU
	EndGlobalSection
	GlobalSection(SolutionProperties) = preSolution
		HideSolutionNode = FALSE
	EndGlobalSection
	GlobalSection(ExtensibilityGlobals) = postSolution
		SolutionGuid = {DEE26049-7CA6-4381-AEE7-18AE40047060}
	EndGlobalSection
EndGlobal
